
Microsoft Visual Studio Solution File, Format Version 12.00
# Visual Studio Version 17
VisualStudioVersion = 17.5.33516.290
MinimumVisualStudioVersion = 10.0.40219.1
Project("{9A19103F-16F7-4668-BE54-9A1E7A4F7556}") = "VSlices.Base", "src-app\VSlices.Base\VSlices.Base.csproj", "{4EF77010-A361-4FE8-A79B-D6E2EF7BBF53}"
EndProject
Project("{2150E333-8FDC-42A3-9474-1A3956D46DE8}") = "src-app", "src-app", "{5AF3B2BC-C727-4BA8-AD10-769FFDF9DA82}"
EndProject
Project("{2150E333-8FDC-42A3-9474-1A3956D46DE8}") = "cross-cutting", "cross-cutting", "{3D20519C-AB73-4034-B724-FA398B69EB20}"
EndProject
Project("{2150E333-8FDC-42A3-9474-1A3956D46DE8}") = "core", "core", "{A8929B0C-D991-43AF-AC46-3BBE69C3D788}"
EndProject
Project("{9A19103F-16F7-4668-BE54-9A1E7A4F7556}") = "VSlices.Core.UseCases", "src-app\VSlices.Core.UseCases\VSlices.Core.UseCases.csproj", "{59D4B161-FF2E-4E56-B5E5-CDF41494E3CE}"
EndProject
Project("{9A19103F-16F7-4668-BE54-9A1E7A4F7556}") = "VSlices.Core.UseCases.Reflection", "src-app\VSlices.Core.UseCases.Reflection\VSlices.Core.UseCases.Reflection.csproj", "{1703F89E-E951-4B1E-A71B-27D98579ABD5}"
EndProject
Project("{2150E333-8FDC-42A3-9474-1A3956D46DE8}") = "use-cases", "use-cases", "{767D22E9-1EB5-4D55-A25E-0CA9ABB366BF}"
EndProject
Project("{2150E333-8FDC-42A3-9474-1A3956D46DE8}") = "events", "events", "{E714C616-8B5A-48C3-97E4-C5514AF0C859}"
EndProject
Project("{9A19103F-16F7-4668-BE54-9A1E7A4F7556}") = "VSlices.Core.Events", "src-app\VSlices.Core.Events\VSlices.Core.Events.csproj", "{F9DADB08-BADB-4011-87A0-837519D75653}"
EndProject
Project("{9A19103F-16F7-4668-BE54-9A1E7A4F7556}") = "VSlices.Core.Events.InMemoryEventQueue", "src-app\VSlices.Core.Events.InMemoryEventQueue\VSlices.Core.Events.InMemoryEventQueue.csproj", "{D18F0F7C-74C4-4F5E-9C97-9D1E7629E32D}"
EndProject
Project("{9A19103F-16F7-4668-BE54-9A1E7A4F7556}") = "VSlices.Core.Events.ReflectionRunner", "src-app\VSlices.Core.Events.ReflectionPublisher\VSlices.Core.Events.ReflectionRunner.csproj", "{66E99E33-AAF8-44EC-AA6D-8408A052C0C9}"
EndProject
Project("{9A19103F-16F7-4668-BE54-9A1E7A4F7556}") = "VSlices.Core.Presentation.AspNetCore", "src-app\VSlices.Core.Presentation.AspNetCore\VSlices.Core.Presentation.AspNetCore.csproj", "{96F687A6-EC35-44FF-8982-1474A3345105}"
EndProject
Project("{9A19103F-16F7-4668-BE54-9A1E7A4F7556}") = "VSlices.Integration.AspNetCore", "src-app\VSlices.Integration.AspNetCore\VSlices.Integration.AspNetCore.csproj", "{83D8016E-6DA1-4CDB-AC58-4C8B1D2921A5}"
EndProject
Project("{9A19103F-16F7-4668-BE54-9A1E7A4F7556}") = "VSlices.Domain.UnitTests", "tests-app\VSlices.Domain.UnitTests\VSlices.Domain.UnitTests.csproj", "{5F2DF6B6-ACE9-4C73-9FFB-1EA947BD0201}"
EndProject
Project("{2150E333-8FDC-42A3-9474-1A3956D46DE8}") = "test-app", "test-app", "{5BB887E7-468E-4C47-A539-E09916A1A82B}"
EndProject
Project("{9A19103F-16F7-4668-BE54-9A1E7A4F7556}") = "VSlices.Domain", "src-app\VSlices.Domain\VSlices.Domain.csproj", "{F23AF739-DB12-443B-8A16-63658283231E}"
EndProject
Project("{9A19103F-16F7-4668-BE54-9A1E7A4F7556}") = "VSlices.Integration.AspNetCore.IntegTests", "tests-app\VSlices.Integration.AspNetCore.IntegTests\VSlices.Integration.AspNetCore.IntegTests.csproj", "{2F05C137-40CD-4ED4-B2CA-6FA910DE1202}"
EndProject
Project("{9A19103F-16F7-4668-BE54-9A1E7A4F7556}") = "VSlices.Base.UnitTests", "tests-app\VSlices.Base.UnitTests\VSlices.Base.UnitTests.csproj", "{E1CA2A01-2B69-4C44-AD07-6570DF7C8612}"
EndProject
Project("{2150E333-8FDC-42A3-9474-1A3956D46DE8}") = "core", "core", "{B0409F5E-8A42-4FC1-8A07-F56A212FCF39}"
EndProject
Project("{9A19103F-16F7-4668-BE54-9A1E7A4F7556}") = "VSlices.Core.Presentation.AspNetCore.IntegTests", "tests-app\VSlices.Core.Presentation.AspNetCore.IntegTests\VSlices.Core.Presentation.AspNetCore.IntegTests.csproj", "{C32281EC-F3AB-4823-8F85-282C1FF2FC5F}"
EndProject
Project("{2150E333-8FDC-42A3-9474-1A3956D46DE8}") = "events", "events", "{47B60BD3-561A-4738-8AE0-DEE088A750B5}"
EndProject
Project("{9A19103F-16F7-4668-BE54-9A1E7A4F7556}") = "VSlices.Core.Events.InMemoryEventQueue.UnitTests", "tests-app\VSlices.Core.Events.InMemoryEventQueue.UnitTests\VSlices.Core.Events.InMemoryEventQueue.UnitTests.csproj", "{8BC722D7-CCC8-4BC7-8DB3-D64ADB17F012}"
EndProject
Project("{9A19103F-16F7-4668-BE54-9A1E7A4F7556}") = "VSlices.Core.Events.UnitTests", "tests-app\VSlices.Core.Events.Units\VSlices.Core.Events.UnitTests.csproj", "{DF855FB3-111C-4F52-8ED0-B03B80F83A9D}"
EndProject
Project("{9A19103F-16F7-4668-BE54-9A1E7A4F7556}") = "VSlices.Core.Events.ReflectionRunner.UnitTests", "tests-app\VSlices.Core.Events.ReflectionPublisher.UnitTests\VSlices.Core.Events.ReflectionRunner.UnitTests.csproj", "{76193257-01A6-42A5-9332-985F6065349A}"
EndProject
Project("{9A19103F-16F7-4668-BE54-9A1E7A4F7556}") = "VSlices.Core.Events.IntegTests", "tests-app\VSlices.Core.Events.Hosted.InMemory.Reflection.IntegTests\VSlices.Core.Events.IntegTests.csproj", "{A0B3EA92-09FB-447E-9857-D289B3B9B1F2}"
EndProject
Project("{2150E333-8FDC-42A3-9474-1A3956D46DE8}") = "use-cases", "use-cases", "{0426AE8C-15AA-44EF-9987-48A5D360547A}"
EndProject
Project("{9A19103F-16F7-4668-BE54-9A1E7A4F7556}") = "VSlices.Core.UseCases.UnitTests", "tests-app\VSlices.Core.UseCases.UnitTests\VSlices.Core.UseCases.UnitTests.csproj", "{7675105F-4550-4A0E-B42D-57C71E854E6D}"
EndProject
Project("{9A19103F-16F7-4668-BE54-9A1E7A4F7556}") = "VSlices.Core.UseCases.Reflection.UnitTests", "tests-app\VSlices.Core.UseCases.Reflection.UnitTests\VSlices.Core.UseCases.Reflection.UnitTests.csproj", "{DFF9A069-F2A5-459B-B412-E6FC06F84F24}"
EndProject
Project("{2150E333-8FDC-42A3-9474-1A3956D46DE8}") = "cross-cutting", "cross-cutting", "{8715B3FE-1492-4CDC-9958-E73B21C71BBD}"
EndProject
Project("{9A19103F-16F7-4668-BE54-9A1E7A4F7556}") = "VSlices.CrossCutting.Pipeline.ExceptionHandling", "src-app\VSlices.CrossCutting.Pipeline.ExceptionHandling\VSlices.CrossCutting.Pipeline.ExceptionHandling.csproj", "{1676DF29-933C-4D0A-BDA9-A2CC19027D21}"
EndProject
Project("{9A19103F-16F7-4668-BE54-9A1E7A4F7556}") = "VSlices.CrossCutting.Pipeline.FluentValidation", "src-app\VSlices.CrossCutting.Pipeline.FluentValidation\VSlices.CrossCutting.Pipeline.FluentValidation.csproj", "{5DB26679-6D11-4E8C-84D3-4A371DEE7899}"
EndProject
Project("{2150E333-8FDC-42A3-9474-1A3956D46DE8}") = "pipeline", "pipeline", "{2D226E05-AE92-4C6A-961F-82B646B95D49}"
EndProject
Project("{2150E333-8FDC-42A3-9474-1A3956D46DE8}") = "pipeline", "pipeline", "{0DA14667-12C4-4019-A9CE-CF71901E82B6}"
EndProject
Project("{9A19103F-16F7-4668-BE54-9A1E7A4F7556}") = "VSlices.CrossCutting.Pipeline.ExceptionHandling.UnitTests", "tests-app\VSlices.CrossCutting.Pipeline.ExceptionHandling.UnitTests\VSlices.CrossCutting.Pipeline.ExceptionHandling.UnitTests.csproj", "{785FF361-758B-4347-8AED-28FAC236F2D4}"
EndProject
Project("{9A19103F-16F7-4668-BE54-9A1E7A4F7556}") = "VSlices.CrossCutting.Pipeline.FluentValidation.UnitTests", "tests-app\VSlices.CrossCutting.Pipeline.FluentValidation.UnitTests\VSlices.CrossCutting.Pipeline.FluentValidation.UnitTests.csproj", "{49A6653B-031D-487A-98DC-167CDC67456E}"
EndProject
Project("{2150E333-8FDC-42A3-9474-1A3956D46DE8}") = "examples", "examples", "{9DF2CF95-A558-40CD-9596-E3B575A6E28C}"
EndProject
Project("{2150E333-8FDC-42A3-9474-1A3956D46DE8}") = "crud", "crud", "{BA39B38C-5C3A-4534-9524-E42D9A501FC7}"
EndProject
Project("{9A19103F-16F7-4668-BE54-9A1E7A4F7556}") = "Crud.Domain", "examples\crud-app\Crud.Domain\Crud.Domain.csproj", "{16BFCCB9-4605-43F2-92C5-017B08F56AAC}"
EndProject
Project("{9A19103F-16F7-4668-BE54-9A1E7A4F7556}") = "Crud.CrossCutting", "examples\crud-app\Crud.CrossCutting\Crud.CrossCutting.csproj", "{53685447-C991-4F3B-994F-50354D364A23}"
EndProject
Project("{9A19103F-16F7-4668-BE54-9A1E7A4F7556}") = "Crud.Core", "examples\crud-app\Crud.Core\Crud.Core.csproj", "{FF6ADDC4-89BA-4E4F-9585-AE067C404ED3}"
EndProject
Project("{9A19103F-16F7-4668-BE54-9A1E7A4F7556}") = "Crud.Infrastructure", "examples\crud-app\Crud.Infrastructure\Crud.Infrastructure.csproj", "{1DC6EC29-ABE0-411A-8049-7D791A08E0DD}"
EndProject
Project("{9A19103F-16F7-4668-BE54-9A1E7A4F7556}") = "Crud.Integration.AspNetCore", "examples\crud-app\Crud.Integration.AspNetCore\Crud.Integration.AspNetCore.csproj", "{BAFE601A-4D35-4082-91C3-9B8B596642DF}"
EndProject
Project("{9A19103F-16F7-4668-BE54-9A1E7A4F7556}") = "VSlices.CrossCutting.Pipeline.Logging", "src-app\VSlices.CrossCutting.Pipeline.Logging\VSlices.CrossCutting.Pipeline.Logging.csproj", "{2CF0F232-15FF-445B-856E-A1C6D9E58ADA}"
EndProject
Project("{9A19103F-16F7-4668-BE54-9A1E7A4F7556}") = "VSlices.CrossCutting.Pipeline.Logging.UnitTests", "tests-app\VSlices.CrossCutting.Pipeline.Logging.UnitTests\VSlices.CrossCutting.Pipeline.Logging.UnitTests.csproj", "{2C3A5205-E894-4A19-BEAF-AB471190F673}"
EndProject
Project("{2150E333-8FDC-42A3-9474-1A3956D46DE8}") = "unit", "unit", "{CAC7D3FA-B294-44BD-A12C-F4CB28100D48}"
EndProject
Project("{2150E333-8FDC-42A3-9474-1A3956D46DE8}") = "integ", "integ", "{3CDE8CD7-B0F6-4361-8FA1-A8F6B0E56DB4}"
EndProject
Project("{2150E333-8FDC-42A3-9474-1A3956D46DE8}") = "core", "core", "{AAAF7688-7C6D-478F-89B2-77B695113ABE}"
EndProject
Project("{2150E333-8FDC-42A3-9474-1A3956D46DE8}") = "background-task-listener", "background-task-listener", "{0132A707-41E8-47FD-8052-9BA1E2B62583}"
EndProject
Project("{9A19103F-16F7-4668-BE54-9A1E7A4F7556}") = "VSlices.CrossCutting.BackgroundTaskListener", "src-app\VSlices.CrossCutting.BackgroundTaskListener\VSlices.CrossCutting.BackgroundTaskListener.csproj", "{6BFAD9C3-35AF-41A0-91AA-1B11256C8E29}"
EndProject
Project("{9A19103F-16F7-4668-BE54-9A1E7A4F7556}") = "VSlices.CrossCutting.BackgroundTaskListener.Hosting", "src-app\VSlices.CrossCutting.BackgroundTaskListener.Hosting\VSlices.CrossCutting.BackgroundTaskListener.Hosting.csproj", "{8A380739-86FC-46E5-B057-8F472784CA58}"
EndProject
Project("{9A19103F-16F7-4668-BE54-9A1E7A4F7556}") = "VSlices.CrossCutting.BackgroundTaskListener.Hangfire", "src-app\VSlices.CrossCutting.BackgroundTaskListener.Hangfire\VSlices.CrossCutting.BackgroundTaskListener.Hangfire.csproj", "{1968D4F3-6BDB-422C-8392-5038081537BA}"
EndProject
Project("{2150E333-8FDC-42A3-9474-1A3956D46DE8}") = "background-task-listener", "background-task-listener", "{1F098623-5D33-42BA-9E64-7D22B76A5985}"
EndProject
Project("{9A19103F-16F7-4668-BE54-9A1E7A4F7556}") = "VSlices.CrossCutting.BackgroundTaskListener.UnitTests", "tests-app\VSlices.CrossCutting.BackgroundTaskListener.UnitTests\VSlices.CrossCutting.BackgroundTaskListener.UnitTests.csproj", "{7967F9A8-A2F3-4BB9-B0B4-A47A8C97442E}"
EndProject
Project("{9A19103F-16F7-4668-BE54-9A1E7A4F7556}") = "VSlices.CrossCutting.BackgroundTaskListener.Hosting.UnitTests", "tests-app\VSlices.CrossCutting.BackgroundTaskListener.Hosting.UnitTests\VSlices.CrossCutting.BackgroundTaskListener.Hosting.UnitTests.csproj", "{FC700441-8281-483C-BF2C-664C9ABFA456}"
EndProject
Project("{9A19103F-16F7-4668-BE54-9A1E7A4F7556}") = "VSlices.CrossCutting.BackgroundTaskListener.Hangfire.UnitTests", "tests-app\VSlices.CrossCutting.BackgroundTaskListener.Hangfire.UnitTests\VSlices.CrossCutting.BackgroundTaskListener.Hangfire.UnitTests.csproj", "{11855D51-5AB2-424A-871A-2CA011961C29}"
EndProject
Project("{9A19103F-16F7-4668-BE54-9A1E7A4F7556}") = "VSlices.CrossCutting.AspNetCore.DataAnnotationMiddleware", "src-app\VSlices.CrossCutting.AspNetCore.DataAnnotationMiddleware\VSlices.CrossCutting.AspNetCore.DataAnnotationMiddleware.csproj", "{DA150039-F0D0-4F29-A822-A3C2EC341234}"
EndProject
Project("{9A19103F-16F7-4668-BE54-9A1E7A4F7556}") = "VSlices.CrossCutting.AspNetCore.DataAnnotationMiddleware.UnitTests", "tests-app\VSlices.CrossCutting.AspNetCore.DataAnnotationMiddleware.UnitTests\VSlices.CrossCutting.AspNetCore.DataAnnotationMiddleware.UnitTests.csproj", "{3FC7F28A-0866-4898-B675-974148636FA7}"
EndProject
Project("{9A19103F-16F7-4668-BE54-9A1E7A4F7556}") = "VSlices.Infrastructure.Domain.EntityFrameworkCore", "src-app\VSlices.Infrastructure.Domain.EntityFrameworkCore\VSlices.Infrastructure.Domain.EntityFrameworkCore.csproj", "{33D259D2-C6BB-44E9-ACE3-AC4F9CD1CE8E}"
EndProject
Project("{9A19103F-16F7-4668-BE54-9A1E7A4F7556}") = "VSlices.Infrastructure.Domain.EntityFrameworkCore.IntegTests", "tests-app\VSlices.Infrastructure.Domain.EntityFrameworkCore.IntegTests\VSlices.Infrastructure.Domain.EntityFrameworkCore.IntegTests.csproj", "{15B61A89-2663-4656-A7FD-46F5610F4E5A}"
EndProject
Project("{9A19103F-16F7-4668-BE54-9A1E7A4F7556}") = "Crud.Domain.Rules", "examples\crud-app\Crud.Domain.Rules\Crud.Domain.Rules.csproj", "{CD9D7D38-30A8-42B2-8F9D-FF756186D10D}"
EndProject
Project("{9A19103F-16F7-4668-BE54-9A1E7A4F7556}") = "VSlices.Core.RecurringJob", "src-app\VSlices.Core.RecurringJob\VSlices.Core.RecurringJob.csproj", "{4AA892D1-50BC-462E-918C-AA55D5B9566B}"
EndProject
Project("{9A19103F-16F7-4668-BE54-9A1E7A4F7556}") = "VSlices.Core.RecurringJob.IntegTests", "tests-app\VSlices.Core.RecurringJob.IntegTests\VSlices.Core.RecurringJob.IntegTests.csproj", "{5A77A5AF-AB49-4EED-BAD2-90D3E5975C31}"
EndProject
Project("{9A19103F-16F7-4668-BE54-9A1E7A4F7556}") = "VSlices.CrossCutting.Pipeline.Filtering", "src-app\VSlices.CrossCutting.Pipeline.Filtering\VSlices.CrossCutting.Pipeline.Filtering.csproj", "{FF51CFEE-2ECA-4DFE-A633-07AC675F4CD9}"
EndProject
Project("{9A19103F-16F7-4668-BE54-9A1E7A4F7556}") = "VSlices.CrossCutting.Pipeline.Filtering.UnitTests", "tests-app\VSlices.CrossCutting.Pipeline.Filtering.UnitTests\VSlices.CrossCutting.Pipeline.Filtering.UnitTests.csproj", "{3C972909-170B-43CF-A159-F83EFD4B7B7C}"
EndProject
Project("{2150E333-8FDC-42A3-9474-1A3956D46DE8}") = "src-cli", "src-cli", "{B489028F-F125-4518-9F5B-8F6C59761539}"
EndProject
Project("{9A19103F-16F7-4668-BE54-9A1E7A4F7556}") = "Core", "src-cli\Core\Core.csproj", "{9F6EEDFF-DDBE-4C24-AB0F-013178EF1449}"
EndProject
Project("{FAE04EC0-301F-11D3-BF4B-00C04F79EFBC}") = "CrossCutting", "src-cli\CrossCutting\CrossCutting.csproj", "{8DE37CEF-DD33-40CE-833B-10B6A90AA339}"
EndProject
Project("{9A19103F-16F7-4668-BE54-9A1E7A4F7556}") = "Integrator.Cocona", "src-cli\Integrator.Cocona\Integrator.Cocona.csproj", "{4894E4A8-72E6-4393-863B-700B00922527}"
EndProject
Project("{FAE04EC0-301F-11D3-BF4B-00C04F79EFBC}") = "Domain", "src-cli\Domain\Domain.csproj", "{3B9272C4-593F-4142-8E41-EE7A423C9D1E}"
EndProject
Global
	GlobalSection(SolutionConfigurationPlatforms) = preSolution
		Debug|Any CPU = Debug|Any CPU
		Release|Any CPU = Release|Any CPU
	EndGlobalSection
	GlobalSection(ProjectConfigurationPlatforms) = postSolution
		{4EF77010-A361-4FE8-A79B-D6E2EF7BBF53}.Debug|Any CPU.ActiveCfg = Debug|Any CPU
		{4EF77010-A361-4FE8-A79B-D6E2EF7BBF53}.Debug|Any CPU.Build.0 = Debug|Any CPU
		{4EF77010-A361-4FE8-A79B-D6E2EF7BBF53}.Release|Any CPU.ActiveCfg = Release|Any CPU
		{4EF77010-A361-4FE8-A79B-D6E2EF7BBF53}.Release|Any CPU.Build.0 = Release|Any CPU
		{59D4B161-FF2E-4E56-B5E5-CDF41494E3CE}.Debug|Any CPU.ActiveCfg = Debug|Any CPU
		{59D4B161-FF2E-4E56-B5E5-CDF41494E3CE}.Debug|Any CPU.Build.0 = Debug|Any CPU
		{59D4B161-FF2E-4E56-B5E5-CDF41494E3CE}.Release|Any CPU.ActiveCfg = Release|Any CPU
		{59D4B161-FF2E-4E56-B5E5-CDF41494E3CE}.Release|Any CPU.Build.0 = Release|Any CPU
		{1703F89E-E951-4B1E-A71B-27D98579ABD5}.Debug|Any CPU.ActiveCfg = Debug|Any CPU
		{1703F89E-E951-4B1E-A71B-27D98579ABD5}.Debug|Any CPU.Build.0 = Debug|Any CPU
		{1703F89E-E951-4B1E-A71B-27D98579ABD5}.Release|Any CPU.ActiveCfg = Release|Any CPU
		{1703F89E-E951-4B1E-A71B-27D98579ABD5}.Release|Any CPU.Build.0 = Release|Any CPU
		{F9DADB08-BADB-4011-87A0-837519D75653}.Debug|Any CPU.ActiveCfg = Debug|Any CPU
		{F9DADB08-BADB-4011-87A0-837519D75653}.Debug|Any CPU.Build.0 = Debug|Any CPU
		{F9DADB08-BADB-4011-87A0-837519D75653}.Release|Any CPU.ActiveCfg = Release|Any CPU
		{F9DADB08-BADB-4011-87A0-837519D75653}.Release|Any CPU.Build.0 = Release|Any CPU
		{D18F0F7C-74C4-4F5E-9C97-9D1E7629E32D}.Debug|Any CPU.ActiveCfg = Debug|Any CPU
		{D18F0F7C-74C4-4F5E-9C97-9D1E7629E32D}.Debug|Any CPU.Build.0 = Debug|Any CPU
		{D18F0F7C-74C4-4F5E-9C97-9D1E7629E32D}.Release|Any CPU.ActiveCfg = Release|Any CPU
		{D18F0F7C-74C4-4F5E-9C97-9D1E7629E32D}.Release|Any CPU.Build.0 = Release|Any CPU
		{66E99E33-AAF8-44EC-AA6D-8408A052C0C9}.Debug|Any CPU.ActiveCfg = Debug|Any CPU
		{66E99E33-AAF8-44EC-AA6D-8408A052C0C9}.Debug|Any CPU.Build.0 = Debug|Any CPU
		{66E99E33-AAF8-44EC-AA6D-8408A052C0C9}.Release|Any CPU.ActiveCfg = Release|Any CPU
		{66E99E33-AAF8-44EC-AA6D-8408A052C0C9}.Release|Any CPU.Build.0 = Release|Any CPU
		{96F687A6-EC35-44FF-8982-1474A3345105}.Debug|Any CPU.ActiveCfg = Debug|Any CPU
		{96F687A6-EC35-44FF-8982-1474A3345105}.Debug|Any CPU.Build.0 = Debug|Any CPU
		{96F687A6-EC35-44FF-8982-1474A3345105}.Release|Any CPU.ActiveCfg = Release|Any CPU
		{96F687A6-EC35-44FF-8982-1474A3345105}.Release|Any CPU.Build.0 = Release|Any CPU
		{83D8016E-6DA1-4CDB-AC58-4C8B1D2921A5}.Debug|Any CPU.ActiveCfg = Debug|Any CPU
		{83D8016E-6DA1-4CDB-AC58-4C8B1D2921A5}.Debug|Any CPU.Build.0 = Debug|Any CPU
		{83D8016E-6DA1-4CDB-AC58-4C8B1D2921A5}.Release|Any CPU.ActiveCfg = Release|Any CPU
		{83D8016E-6DA1-4CDB-AC58-4C8B1D2921A5}.Release|Any CPU.Build.0 = Release|Any CPU
		{5F2DF6B6-ACE9-4C73-9FFB-1EA947BD0201}.Debug|Any CPU.ActiveCfg = Debug|Any CPU
		{5F2DF6B6-ACE9-4C73-9FFB-1EA947BD0201}.Debug|Any CPU.Build.0 = Debug|Any CPU
		{5F2DF6B6-ACE9-4C73-9FFB-1EA947BD0201}.Release|Any CPU.ActiveCfg = Release|Any CPU
		{5F2DF6B6-ACE9-4C73-9FFB-1EA947BD0201}.Release|Any CPU.Build.0 = Release|Any CPU
		{F23AF739-DB12-443B-8A16-63658283231E}.Debug|Any CPU.ActiveCfg = Debug|Any CPU
		{F23AF739-DB12-443B-8A16-63658283231E}.Debug|Any CPU.Build.0 = Debug|Any CPU
		{F23AF739-DB12-443B-8A16-63658283231E}.Release|Any CPU.ActiveCfg = Release|Any CPU
		{F23AF739-DB12-443B-8A16-63658283231E}.Release|Any CPU.Build.0 = Release|Any CPU
		{2F05C137-40CD-4ED4-B2CA-6FA910DE1202}.Debug|Any CPU.ActiveCfg = Debug|Any CPU
		{2F05C137-40CD-4ED4-B2CA-6FA910DE1202}.Debug|Any CPU.Build.0 = Debug|Any CPU
		{2F05C137-40CD-4ED4-B2CA-6FA910DE1202}.Release|Any CPU.ActiveCfg = Release|Any CPU
		{2F05C137-40CD-4ED4-B2CA-6FA910DE1202}.Release|Any CPU.Build.0 = Release|Any CPU
		{E1CA2A01-2B69-4C44-AD07-6570DF7C8612}.Debug|Any CPU.ActiveCfg = Debug|Any CPU
		{E1CA2A01-2B69-4C44-AD07-6570DF7C8612}.Debug|Any CPU.Build.0 = Debug|Any CPU
		{E1CA2A01-2B69-4C44-AD07-6570DF7C8612}.Release|Any CPU.ActiveCfg = Release|Any CPU
		{E1CA2A01-2B69-4C44-AD07-6570DF7C8612}.Release|Any CPU.Build.0 = Release|Any CPU
		{C32281EC-F3AB-4823-8F85-282C1FF2FC5F}.Debug|Any CPU.ActiveCfg = Debug|Any CPU
		{C32281EC-F3AB-4823-8F85-282C1FF2FC5F}.Debug|Any CPU.Build.0 = Debug|Any CPU
		{C32281EC-F3AB-4823-8F85-282C1FF2FC5F}.Release|Any CPU.ActiveCfg = Release|Any CPU
		{C32281EC-F3AB-4823-8F85-282C1FF2FC5F}.Release|Any CPU.Build.0 = Release|Any CPU
		{8BC722D7-CCC8-4BC7-8DB3-D64ADB17F012}.Debug|Any CPU.ActiveCfg = Debug|Any CPU
		{8BC722D7-CCC8-4BC7-8DB3-D64ADB17F012}.Debug|Any CPU.Build.0 = Debug|Any CPU
		{8BC722D7-CCC8-4BC7-8DB3-D64ADB17F012}.Release|Any CPU.ActiveCfg = Release|Any CPU
		{8BC722D7-CCC8-4BC7-8DB3-D64ADB17F012}.Release|Any CPU.Build.0 = Release|Any CPU
		{DF855FB3-111C-4F52-8ED0-B03B80F83A9D}.Debug|Any CPU.ActiveCfg = Debug|Any CPU
		{DF855FB3-111C-4F52-8ED0-B03B80F83A9D}.Debug|Any CPU.Build.0 = Debug|Any CPU
		{DF855FB3-111C-4F52-8ED0-B03B80F83A9D}.Release|Any CPU.ActiveCfg = Release|Any CPU
		{DF855FB3-111C-4F52-8ED0-B03B80F83A9D}.Release|Any CPU.Build.0 = Release|Any CPU
		{76193257-01A6-42A5-9332-985F6065349A}.Debug|Any CPU.ActiveCfg = Debug|Any CPU
		{76193257-01A6-42A5-9332-985F6065349A}.Debug|Any CPU.Build.0 = Debug|Any CPU
		{76193257-01A6-42A5-9332-985F6065349A}.Release|Any CPU.ActiveCfg = Release|Any CPU
		{76193257-01A6-42A5-9332-985F6065349A}.Release|Any CPU.Build.0 = Release|Any CPU
		{A0B3EA92-09FB-447E-9857-D289B3B9B1F2}.Debug|Any CPU.ActiveCfg = Debug|Any CPU
		{A0B3EA92-09FB-447E-9857-D289B3B9B1F2}.Debug|Any CPU.Build.0 = Debug|Any CPU
		{A0B3EA92-09FB-447E-9857-D289B3B9B1F2}.Release|Any CPU.ActiveCfg = Release|Any CPU
		{A0B3EA92-09FB-447E-9857-D289B3B9B1F2}.Release|Any CPU.Build.0 = Release|Any CPU
		{7675105F-4550-4A0E-B42D-57C71E854E6D}.Debug|Any CPU.ActiveCfg = Debug|Any CPU
		{7675105F-4550-4A0E-B42D-57C71E854E6D}.Debug|Any CPU.Build.0 = Debug|Any CPU
		{7675105F-4550-4A0E-B42D-57C71E854E6D}.Release|Any CPU.ActiveCfg = Release|Any CPU
		{7675105F-4550-4A0E-B42D-57C71E854E6D}.Release|Any CPU.Build.0 = Release|Any CPU
		{DFF9A069-F2A5-459B-B412-E6FC06F84F24}.Debug|Any CPU.ActiveCfg = Debug|Any CPU
		{DFF9A069-F2A5-459B-B412-E6FC06F84F24}.Debug|Any CPU.Build.0 = Debug|Any CPU
		{DFF9A069-F2A5-459B-B412-E6FC06F84F24}.Release|Any CPU.ActiveCfg = Release|Any CPU
		{DFF9A069-F2A5-459B-B412-E6FC06F84F24}.Release|Any CPU.Build.0 = Release|Any CPU
		{1676DF29-933C-4D0A-BDA9-A2CC19027D21}.Debug|Any CPU.ActiveCfg = Debug|Any CPU
		{1676DF29-933C-4D0A-BDA9-A2CC19027D21}.Debug|Any CPU.Build.0 = Debug|Any CPU
		{1676DF29-933C-4D0A-BDA9-A2CC19027D21}.Release|Any CPU.ActiveCfg = Release|Any CPU
		{1676DF29-933C-4D0A-BDA9-A2CC19027D21}.Release|Any CPU.Build.0 = Release|Any CPU
		{5DB26679-6D11-4E8C-84D3-4A371DEE7899}.Debug|Any CPU.ActiveCfg = Debug|Any CPU
		{5DB26679-6D11-4E8C-84D3-4A371DEE7899}.Debug|Any CPU.Build.0 = Debug|Any CPU
		{5DB26679-6D11-4E8C-84D3-4A371DEE7899}.Release|Any CPU.ActiveCfg = Release|Any CPU
		{5DB26679-6D11-4E8C-84D3-4A371DEE7899}.Release|Any CPU.Build.0 = Release|Any CPU
		{785FF361-758B-4347-8AED-28FAC236F2D4}.Debug|Any CPU.ActiveCfg = Debug|Any CPU
		{785FF361-758B-4347-8AED-28FAC236F2D4}.Debug|Any CPU.Build.0 = Debug|Any CPU
		{785FF361-758B-4347-8AED-28FAC236F2D4}.Release|Any CPU.ActiveCfg = Release|Any CPU
		{785FF361-758B-4347-8AED-28FAC236F2D4}.Release|Any CPU.Build.0 = Release|Any CPU
		{49A6653B-031D-487A-98DC-167CDC67456E}.Debug|Any CPU.ActiveCfg = Debug|Any CPU
		{49A6653B-031D-487A-98DC-167CDC67456E}.Debug|Any CPU.Build.0 = Debug|Any CPU
		{49A6653B-031D-487A-98DC-167CDC67456E}.Release|Any CPU.ActiveCfg = Release|Any CPU
		{49A6653B-031D-487A-98DC-167CDC67456E}.Release|Any CPU.Build.0 = Release|Any CPU
		{16BFCCB9-4605-43F2-92C5-017B08F56AAC}.Debug|Any CPU.ActiveCfg = Debug|Any CPU
		{16BFCCB9-4605-43F2-92C5-017B08F56AAC}.Debug|Any CPU.Build.0 = Debug|Any CPU
		{16BFCCB9-4605-43F2-92C5-017B08F56AAC}.Release|Any CPU.ActiveCfg = Release|Any CPU
		{16BFCCB9-4605-43F2-92C5-017B08F56AAC}.Release|Any CPU.Build.0 = Release|Any CPU
		{53685447-C991-4F3B-994F-50354D364A23}.Debug|Any CPU.ActiveCfg = Debug|Any CPU
		{53685447-C991-4F3B-994F-50354D364A23}.Debug|Any CPU.Build.0 = Debug|Any CPU
		{53685447-C991-4F3B-994F-50354D364A23}.Release|Any CPU.ActiveCfg = Release|Any CPU
		{53685447-C991-4F3B-994F-50354D364A23}.Release|Any CPU.Build.0 = Release|Any CPU
		{FF6ADDC4-89BA-4E4F-9585-AE067C404ED3}.Debug|Any CPU.ActiveCfg = Debug|Any CPU
		{FF6ADDC4-89BA-4E4F-9585-AE067C404ED3}.Debug|Any CPU.Build.0 = Debug|Any CPU
		{FF6ADDC4-89BA-4E4F-9585-AE067C404ED3}.Release|Any CPU.ActiveCfg = Release|Any CPU
		{FF6ADDC4-89BA-4E4F-9585-AE067C404ED3}.Release|Any CPU.Build.0 = Release|Any CPU
		{1DC6EC29-ABE0-411A-8049-7D791A08E0DD}.Debug|Any CPU.ActiveCfg = Debug|Any CPU
		{1DC6EC29-ABE0-411A-8049-7D791A08E0DD}.Debug|Any CPU.Build.0 = Debug|Any CPU
		{1DC6EC29-ABE0-411A-8049-7D791A08E0DD}.Release|Any CPU.ActiveCfg = Release|Any CPU
		{1DC6EC29-ABE0-411A-8049-7D791A08E0DD}.Release|Any CPU.Build.0 = Release|Any CPU
		{BAFE601A-4D35-4082-91C3-9B8B596642DF}.Debug|Any CPU.ActiveCfg = Debug|Any CPU
		{BAFE601A-4D35-4082-91C3-9B8B596642DF}.Debug|Any CPU.Build.0 = Debug|Any CPU
		{BAFE601A-4D35-4082-91C3-9B8B596642DF}.Release|Any CPU.ActiveCfg = Release|Any CPU
		{BAFE601A-4D35-4082-91C3-9B8B596642DF}.Release|Any CPU.Build.0 = Release|Any CPU
		{2CF0F232-15FF-445B-856E-A1C6D9E58ADA}.Debug|Any CPU.ActiveCfg = Debug|Any CPU
		{2CF0F232-15FF-445B-856E-A1C6D9E58ADA}.Debug|Any CPU.Build.0 = Debug|Any CPU
		{2CF0F232-15FF-445B-856E-A1C6D9E58ADA}.Release|Any CPU.ActiveCfg = Release|Any CPU
		{2CF0F232-15FF-445B-856E-A1C6D9E58ADA}.Release|Any CPU.Build.0 = Release|Any CPU
		{2C3A5205-E894-4A19-BEAF-AB471190F673}.Debug|Any CPU.ActiveCfg = Debug|Any CPU
		{2C3A5205-E894-4A19-BEAF-AB471190F673}.Debug|Any CPU.Build.0 = Debug|Any CPU
		{2C3A5205-E894-4A19-BEAF-AB471190F673}.Release|Any CPU.ActiveCfg = Release|Any CPU
		{2C3A5205-E894-4A19-BEAF-AB471190F673}.Release|Any CPU.Build.0 = Release|Any CPU
		{6BFAD9C3-35AF-41A0-91AA-1B11256C8E29}.Debug|Any CPU.ActiveCfg = Debug|Any CPU
		{6BFAD9C3-35AF-41A0-91AA-1B11256C8E29}.Debug|Any CPU.Build.0 = Debug|Any CPU
		{6BFAD9C3-35AF-41A0-91AA-1B11256C8E29}.Release|Any CPU.ActiveCfg = Release|Any CPU
		{6BFAD9C3-35AF-41A0-91AA-1B11256C8E29}.Release|Any CPU.Build.0 = Release|Any CPU
		{8A380739-86FC-46E5-B057-8F472784CA58}.Debug|Any CPU.ActiveCfg = Debug|Any CPU
		{8A380739-86FC-46E5-B057-8F472784CA58}.Debug|Any CPU.Build.0 = Debug|Any CPU
		{8A380739-86FC-46E5-B057-8F472784CA58}.Release|Any CPU.ActiveCfg = Release|Any CPU
		{8A380739-86FC-46E5-B057-8F472784CA58}.Release|Any CPU.Build.0 = Release|Any CPU
		{1968D4F3-6BDB-422C-8392-5038081537BA}.Debug|Any CPU.ActiveCfg = Debug|Any CPU
		{1968D4F3-6BDB-422C-8392-5038081537BA}.Debug|Any CPU.Build.0 = Debug|Any CPU
		{1968D4F3-6BDB-422C-8392-5038081537BA}.Release|Any CPU.ActiveCfg = Release|Any CPU
		{1968D4F3-6BDB-422C-8392-5038081537BA}.Release|Any CPU.Build.0 = Release|Any CPU
		{7967F9A8-A2F3-4BB9-B0B4-A47A8C97442E}.Debug|Any CPU.ActiveCfg = Debug|Any CPU
		{7967F9A8-A2F3-4BB9-B0B4-A47A8C97442E}.Debug|Any CPU.Build.0 = Debug|Any CPU
		{7967F9A8-A2F3-4BB9-B0B4-A47A8C97442E}.Release|Any CPU.ActiveCfg = Release|Any CPU
		{7967F9A8-A2F3-4BB9-B0B4-A47A8C97442E}.Release|Any CPU.Build.0 = Release|Any CPU
		{FC700441-8281-483C-BF2C-664C9ABFA456}.Debug|Any CPU.ActiveCfg = Debug|Any CPU
		{FC700441-8281-483C-BF2C-664C9ABFA456}.Debug|Any CPU.Build.0 = Debug|Any CPU
		{FC700441-8281-483C-BF2C-664C9ABFA456}.Release|Any CPU.ActiveCfg = Release|Any CPU
		{FC700441-8281-483C-BF2C-664C9ABFA456}.Release|Any CPU.Build.0 = Release|Any CPU
		{11855D51-5AB2-424A-871A-2CA011961C29}.Debug|Any CPU.ActiveCfg = Debug|Any CPU
		{11855D51-5AB2-424A-871A-2CA011961C29}.Debug|Any CPU.Build.0 = Debug|Any CPU
		{11855D51-5AB2-424A-871A-2CA011961C29}.Release|Any CPU.ActiveCfg = Release|Any CPU
		{11855D51-5AB2-424A-871A-2CA011961C29}.Release|Any CPU.Build.0 = Release|Any CPU
		{DA150039-F0D0-4F29-A822-A3C2EC341234}.Debug|Any CPU.ActiveCfg = Debug|Any CPU
		{DA150039-F0D0-4F29-A822-A3C2EC341234}.Debug|Any CPU.Build.0 = Debug|Any CPU
		{DA150039-F0D0-4F29-A822-A3C2EC341234}.Release|Any CPU.ActiveCfg = Release|Any CPU
		{DA150039-F0D0-4F29-A822-A3C2EC341234}.Release|Any CPU.Build.0 = Release|Any CPU
		{3FC7F28A-0866-4898-B675-974148636FA7}.Debug|Any CPU.ActiveCfg = Debug|Any CPU
		{3FC7F28A-0866-4898-B675-974148636FA7}.Debug|Any CPU.Build.0 = Debug|Any CPU
		{3FC7F28A-0866-4898-B675-974148636FA7}.Release|Any CPU.ActiveCfg = Release|Any CPU
		{3FC7F28A-0866-4898-B675-974148636FA7}.Release|Any CPU.Build.0 = Release|Any CPU
		{33D259D2-C6BB-44E9-ACE3-AC4F9CD1CE8E}.Debug|Any CPU.ActiveCfg = Debug|Any CPU
		{33D259D2-C6BB-44E9-ACE3-AC4F9CD1CE8E}.Debug|Any CPU.Build.0 = Debug|Any CPU
		{33D259D2-C6BB-44E9-ACE3-AC4F9CD1CE8E}.Release|Any CPU.ActiveCfg = Release|Any CPU
		{33D259D2-C6BB-44E9-ACE3-AC4F9CD1CE8E}.Release|Any CPU.Build.0 = Release|Any CPU
		{15B61A89-2663-4656-A7FD-46F5610F4E5A}.Debug|Any CPU.ActiveCfg = Debug|Any CPU
		{15B61A89-2663-4656-A7FD-46F5610F4E5A}.Debug|Any CPU.Build.0 = Debug|Any CPU
		{15B61A89-2663-4656-A7FD-46F5610F4E5A}.Release|Any CPU.ActiveCfg = Release|Any CPU
		{15B61A89-2663-4656-A7FD-46F5610F4E5A}.Release|Any CPU.Build.0 = Release|Any CPU
		{CD9D7D38-30A8-42B2-8F9D-FF756186D10D}.Debug|Any CPU.ActiveCfg = Debug|Any CPU
		{CD9D7D38-30A8-42B2-8F9D-FF756186D10D}.Debug|Any CPU.Build.0 = Debug|Any CPU
		{CD9D7D38-30A8-42B2-8F9D-FF756186D10D}.Release|Any CPU.ActiveCfg = Release|Any CPU
		{CD9D7D38-30A8-42B2-8F9D-FF756186D10D}.Release|Any CPU.Build.0 = Release|Any CPU
		{4AA892D1-50BC-462E-918C-AA55D5B9566B}.Debug|Any CPU.ActiveCfg = Debug|Any CPU
		{4AA892D1-50BC-462E-918C-AA55D5B9566B}.Debug|Any CPU.Build.0 = Debug|Any CPU
		{4AA892D1-50BC-462E-918C-AA55D5B9566B}.Release|Any CPU.ActiveCfg = Release|Any CPU
		{4AA892D1-50BC-462E-918C-AA55D5B9566B}.Release|Any CPU.Build.0 = Release|Any CPU
		{5A77A5AF-AB49-4EED-BAD2-90D3E5975C31}.Debug|Any CPU.ActiveCfg = Debug|Any CPU
		{5A77A5AF-AB49-4EED-BAD2-90D3E5975C31}.Debug|Any CPU.Build.0 = Debug|Any CPU
		{5A77A5AF-AB49-4EED-BAD2-90D3E5975C31}.Release|Any CPU.ActiveCfg = Release|Any CPU
		{5A77A5AF-AB49-4EED-BAD2-90D3E5975C31}.Release|Any CPU.Build.0 = Release|Any CPU
		{FF51CFEE-2ECA-4DFE-A633-07AC675F4CD9}.Debug|Any CPU.ActiveCfg = Debug|Any CPU
		{FF51CFEE-2ECA-4DFE-A633-07AC675F4CD9}.Debug|Any CPU.Build.0 = Debug|Any CPU
		{FF51CFEE-2ECA-4DFE-A633-07AC675F4CD9}.Release|Any CPU.ActiveCfg = Release|Any CPU
		{FF51CFEE-2ECA-4DFE-A633-07AC675F4CD9}.Release|Any CPU.Build.0 = Release|Any CPU
		{3C972909-170B-43CF-A159-F83EFD4B7B7C}.Debug|Any CPU.ActiveCfg = Debug|Any CPU
		{3C972909-170B-43CF-A159-F83EFD4B7B7C}.Debug|Any CPU.Build.0 = Debug|Any CPU
		{3C972909-170B-43CF-A159-F83EFD4B7B7C}.Release|Any CPU.ActiveCfg = Release|Any CPU
		{3C972909-170B-43CF-A159-F83EFD4B7B7C}.Release|Any CPU.Build.0 = Release|Any CPU
		{9F6EEDFF-DDBE-4C24-AB0F-013178EF1449}.Debug|Any CPU.ActiveCfg = Debug|Any CPU
		{9F6EEDFF-DDBE-4C24-AB0F-013178EF1449}.Debug|Any CPU.Build.0 = Debug|Any CPU
		{9F6EEDFF-DDBE-4C24-AB0F-013178EF1449}.Release|Any CPU.ActiveCfg = Release|Any CPU
		{9F6EEDFF-DDBE-4C24-AB0F-013178EF1449}.Release|Any CPU.Build.0 = Release|Any CPU
		{8DE37CEF-DD33-40CE-833B-10B6A90AA339}.Debug|Any CPU.ActiveCfg = Debug|Any CPU
		{8DE37CEF-DD33-40CE-833B-10B6A90AA339}.Debug|Any CPU.Build.0 = Debug|Any CPU
		{8DE37CEF-DD33-40CE-833B-10B6A90AA339}.Release|Any CPU.ActiveCfg = Release|Any CPU
		{8DE37CEF-DD33-40CE-833B-10B6A90AA339}.Release|Any CPU.Build.0 = Release|Any CPU
		{4894E4A8-72E6-4393-863B-700B00922527}.Debug|Any CPU.ActiveCfg = Debug|Any CPU
		{4894E4A8-72E6-4393-863B-700B00922527}.Debug|Any CPU.Build.0 = Debug|Any CPU
		{4894E4A8-72E6-4393-863B-700B00922527}.Release|Any CPU.ActiveCfg = Release|Any CPU
		{4894E4A8-72E6-4393-863B-700B00922527}.Release|Any CPU.Build.0 = Release|Any CPU
		{3B9272C4-593F-4142-8E41-EE7A423C9D1E}.Debug|Any CPU.ActiveCfg = Debug|Any CPU
		{3B9272C4-593F-4142-8E41-EE7A423C9D1E}.Debug|Any CPU.Build.0 = Debug|Any CPU
		{3B9272C4-593F-4142-8E41-EE7A423C9D1E}.Release|Any CPU.ActiveCfg = Release|Any CPU
		{3B9272C4-593F-4142-8E41-EE7A423C9D1E}.Release|Any CPU.Build.0 = Release|Any CPU
	EndGlobalSection
	GlobalSection(SolutionProperties) = preSolution
		HideSolutionNode = FALSE
	EndGlobalSection
	GlobalSection(NestedProjects) = preSolution
		{4EF77010-A361-4FE8-A79B-D6E2EF7BBF53} = {5AF3B2BC-C727-4BA8-AD10-769FFDF9DA82}
		{3D20519C-AB73-4034-B724-FA398B69EB20} = {5AF3B2BC-C727-4BA8-AD10-769FFDF9DA82}
		{A8929B0C-D991-43AF-AC46-3BBE69C3D788} = {5AF3B2BC-C727-4BA8-AD10-769FFDF9DA82}
		{59D4B161-FF2E-4E56-B5E5-CDF41494E3CE} = {767D22E9-1EB5-4D55-A25E-0CA9ABB366BF}
		{1703F89E-E951-4B1E-A71B-27D98579ABD5} = {767D22E9-1EB5-4D55-A25E-0CA9ABB366BF}
		{767D22E9-1EB5-4D55-A25E-0CA9ABB366BF} = {A8929B0C-D991-43AF-AC46-3BBE69C3D788}
		{E714C616-8B5A-48C3-97E4-C5514AF0C859} = {A8929B0C-D991-43AF-AC46-3BBE69C3D788}
		{F9DADB08-BADB-4011-87A0-837519D75653} = {E714C616-8B5A-48C3-97E4-C5514AF0C859}
		{D18F0F7C-74C4-4F5E-9C97-9D1E7629E32D} = {E714C616-8B5A-48C3-97E4-C5514AF0C859}
		{66E99E33-AAF8-44EC-AA6D-8408A052C0C9} = {E714C616-8B5A-48C3-97E4-C5514AF0C859}
		{96F687A6-EC35-44FF-8982-1474A3345105} = {A8929B0C-D991-43AF-AC46-3BBE69C3D788}
		{83D8016E-6DA1-4CDB-AC58-4C8B1D2921A5} = {5AF3B2BC-C727-4BA8-AD10-769FFDF9DA82}
		{5F2DF6B6-ACE9-4C73-9FFB-1EA947BD0201} = {CAC7D3FA-B294-44BD-A12C-F4CB28100D48}
		{F23AF739-DB12-443B-8A16-63658283231E} = {5AF3B2BC-C727-4BA8-AD10-769FFDF9DA82}
		{2F05C137-40CD-4ED4-B2CA-6FA910DE1202} = {3CDE8CD7-B0F6-4361-8FA1-A8F6B0E56DB4}
		{E1CA2A01-2B69-4C44-AD07-6570DF7C8612} = {CAC7D3FA-B294-44BD-A12C-F4CB28100D48}
		{B0409F5E-8A42-4FC1-8A07-F56A212FCF39} = {CAC7D3FA-B294-44BD-A12C-F4CB28100D48}
		{C32281EC-F3AB-4823-8F85-282C1FF2FC5F} = {AAAF7688-7C6D-478F-89B2-77B695113ABE}
		{47B60BD3-561A-4738-8AE0-DEE088A750B5} = {B0409F5E-8A42-4FC1-8A07-F56A212FCF39}
		{8BC722D7-CCC8-4BC7-8DB3-D64ADB17F012} = {47B60BD3-561A-4738-8AE0-DEE088A750B5}
		{DF855FB3-111C-4F52-8ED0-B03B80F83A9D} = {47B60BD3-561A-4738-8AE0-DEE088A750B5}
		{76193257-01A6-42A5-9332-985F6065349A} = {47B60BD3-561A-4738-8AE0-DEE088A750B5}
		{A0B3EA92-09FB-447E-9857-D289B3B9B1F2} = {AAAF7688-7C6D-478F-89B2-77B695113ABE}
		{0426AE8C-15AA-44EF-9987-48A5D360547A} = {B0409F5E-8A42-4FC1-8A07-F56A212FCF39}
		{7675105F-4550-4A0E-B42D-57C71E854E6D} = {0426AE8C-15AA-44EF-9987-48A5D360547A}
		{DFF9A069-F2A5-459B-B412-E6FC06F84F24} = {0426AE8C-15AA-44EF-9987-48A5D360547A}
		{8715B3FE-1492-4CDC-9958-E73B21C71BBD} = {CAC7D3FA-B294-44BD-A12C-F4CB28100D48}
		{1676DF29-933C-4D0A-BDA9-A2CC19027D21} = {2D226E05-AE92-4C6A-961F-82B646B95D49}
		{5DB26679-6D11-4E8C-84D3-4A371DEE7899} = {2D226E05-AE92-4C6A-961F-82B646B95D49}
		{2D226E05-AE92-4C6A-961F-82B646B95D49} = {3D20519C-AB73-4034-B724-FA398B69EB20}
		{0DA14667-12C4-4019-A9CE-CF71901E82B6} = {8715B3FE-1492-4CDC-9958-E73B21C71BBD}
		{785FF361-758B-4347-8AED-28FAC236F2D4} = {0DA14667-12C4-4019-A9CE-CF71901E82B6}
		{49A6653B-031D-487A-98DC-167CDC67456E} = {0DA14667-12C4-4019-A9CE-CF71901E82B6}
		{BA39B38C-5C3A-4534-9524-E42D9A501FC7} = {9DF2CF95-A558-40CD-9596-E3B575A6E28C}
		{16BFCCB9-4605-43F2-92C5-017B08F56AAC} = {BA39B38C-5C3A-4534-9524-E42D9A501FC7}
		{53685447-C991-4F3B-994F-50354D364A23} = {BA39B38C-5C3A-4534-9524-E42D9A501FC7}
		{FF6ADDC4-89BA-4E4F-9585-AE067C404ED3} = {BA39B38C-5C3A-4534-9524-E42D9A501FC7}
		{1DC6EC29-ABE0-411A-8049-7D791A08E0DD} = {BA39B38C-5C3A-4534-9524-E42D9A501FC7}
		{BAFE601A-4D35-4082-91C3-9B8B596642DF} = {BA39B38C-5C3A-4534-9524-E42D9A501FC7}
		{2CF0F232-15FF-445B-856E-A1C6D9E58ADA} = {2D226E05-AE92-4C6A-961F-82B646B95D49}
		{2C3A5205-E894-4A19-BEAF-AB471190F673} = {0DA14667-12C4-4019-A9CE-CF71901E82B6}
		{CAC7D3FA-B294-44BD-A12C-F4CB28100D48} = {5BB887E7-468E-4C47-A539-E09916A1A82B}
		{3CDE8CD7-B0F6-4361-8FA1-A8F6B0E56DB4} = {5BB887E7-468E-4C47-A539-E09916A1A82B}
		{AAAF7688-7C6D-478F-89B2-77B695113ABE} = {3CDE8CD7-B0F6-4361-8FA1-A8F6B0E56DB4}
		{0132A707-41E8-47FD-8052-9BA1E2B62583} = {3D20519C-AB73-4034-B724-FA398B69EB20}
		{6BFAD9C3-35AF-41A0-91AA-1B11256C8E29} = {0132A707-41E8-47FD-8052-9BA1E2B62583}
		{8A380739-86FC-46E5-B057-8F472784CA58} = {0132A707-41E8-47FD-8052-9BA1E2B62583}
		{1968D4F3-6BDB-422C-8392-5038081537BA} = {0132A707-41E8-47FD-8052-9BA1E2B62583}
		{1F098623-5D33-42BA-9E64-7D22B76A5985} = {8715B3FE-1492-4CDC-9958-E73B21C71BBD}
		{7967F9A8-A2F3-4BB9-B0B4-A47A8C97442E} = {1F098623-5D33-42BA-9E64-7D22B76A5985}
		{FC700441-8281-483C-BF2C-664C9ABFA456} = {1F098623-5D33-42BA-9E64-7D22B76A5985}
		{11855D51-5AB2-424A-871A-2CA011961C29} = {1F098623-5D33-42BA-9E64-7D22B76A5985}
		{DA150039-F0D0-4F29-A822-A3C2EC341234} = {3D20519C-AB73-4034-B724-FA398B69EB20}
		{3FC7F28A-0866-4898-B675-974148636FA7} = {8715B3FE-1492-4CDC-9958-E73B21C71BBD}
		{33D259D2-C6BB-44E9-ACE3-AC4F9CD1CE8E} = {5AF3B2BC-C727-4BA8-AD10-769FFDF9DA82}
		{15B61A89-2663-4656-A7FD-46F5610F4E5A} = {3CDE8CD7-B0F6-4361-8FA1-A8F6B0E56DB4}
		{CD9D7D38-30A8-42B2-8F9D-FF756186D10D} = {BA39B38C-5C3A-4534-9524-E42D9A501FC7}
		{4AA892D1-50BC-462E-918C-AA55D5B9566B} = {A8929B0C-D991-43AF-AC46-3BBE69C3D788}
		{5A77A5AF-AB49-4EED-BAD2-90D3E5975C31} = {AAAF7688-7C6D-478F-89B2-77B695113ABE}
		{FF51CFEE-2ECA-4DFE-A633-07AC675F4CD9} = {2D226E05-AE92-4C6A-961F-82B646B95D49}
		{3C972909-170B-43CF-A159-F83EFD4B7B7C} = {0DA14667-12C4-4019-A9CE-CF71901E82B6}
		{9F6EEDFF-DDBE-4C24-AB0F-013178EF1449} = {B489028F-F125-4518-9F5B-8F6C59761539}
		{8DE37CEF-DD33-40CE-833B-10B6A90AA339} = {B489028F-F125-4518-9F5B-8F6C59761539}
		{4894E4A8-72E6-4393-863B-700B00922527} = {B489028F-F125-4518-9F5B-8F6C59761539}
		{3B9272C4-593F-4142-8E41-EE7A423C9D1E} = {B489028F-F125-4518-9F5B-8F6C59761539}
	EndGlobalSection
	GlobalSection(ExtensibilityGlobals) = postSolution
		SolutionGuid = {653AE7A1-A4C4-42F2-9804-FE7E032C3E8C}
	EndGlobalSection
EndGlobal
